
Microsoft Visual Studio Solution File, Format Version 12.00
# Visual Studio 16
Project("{FAE04EC0-301F-11D3-BF4B-00C04F79EFBC}") = "Assembly-CSharp", "Assembly-CSharp.csproj", "{6069C91B-B0DC-90CE-2EC4-147CEED1ED66}"
EndProject
Project("{FAE04EC0-301F-11D3-BF4B-00C04F79EFBC}") = "Assembly-CSharp-Editor", "Assembly-CSharp-Editor.csproj", "{14278D4A-A30E-D272-D8BC-02F80CB010AD}"
EndProject
Global
	GlobalSection(SolutionConfigurationPlatforms) = preSolution
		Debug|Any CPU = Debug|Any CPU
		Release|Any CPU = Release|Any CPU
	EndGlobalSection
	GlobalSection(ProjectConfigurationPlatforms) = postSolution
		{6069C91B-B0DC-90CE-2EC4-147CEED1ED66}.Debug|Any CPU.ActiveCfg = Debug|Any CPU
		{6069C91B-B0DC-90CE-2EC4-147CEED1ED66}.Debug|Any CPU.Build.0 = Debug|Any CPU
		{6069C91B-B0DC-90CE-2EC4-147CEED1ED66}.Release|Any CPU.ActiveCfg = Release|Any CPU
		{6069C91B-B0DC-90CE-2EC4-147CEED1ED66}.Release|Any CPU.Build.0 = Release|Any CPU
		{14278D4A-A30E-D272-D8BC-02F80CB010AD}.Debug|Any CPU.ActiveCfg = Debug|Any CPU
		{14278D4A-A30E-D272-D8BC-02F80CB010AD}.Debug|Any CPU.Build.0 = Debug|Any CPU
		{14278D4A-A30E-D272-D8BC-02F80CB010AD}.Release|Any CPU.ActiveCfg = Release|Any CPU
		{14278D4A-A30E-D272-D8BC-02F80CB010AD}.Release|Any CPU.Build.0 = Release|Any CPU
	EndGlobalSection
	GlobalSection(SolutionProperties) = preSolution
		HideSolutionNode = FALSE
	EndGlobalSection
EndGlobal
